
Microsoft Visual Studio Solution File, Format Version 12.00
# Visual Studio Version 17
VisualStudioVersion = 17.5.002.0
MinimumVisualStudioVersion = 10.0.40219.1
Project("{9A19103F-16F7-4668-BE54-9A1E7A4F7556}") = "groomadmin", "groomadmin.csproj", "{F996BC1B-6011-4B32-9921-314EE5E3F448}"
EndProject
Global
	GlobalSection(SolutionConfigurationPlatforms) = preSolution
		Debug|Any CPU = Debug|Any CPU
		Release|Any CPU = Release|Any CPU
	EndGlobalSection
	GlobalSection(ProjectConfigurationPlatforms) = postSolution
		{F996BC1B-6011-4B32-9921-314EE5E3F448}.Debug|Any CPU.ActiveCfg = Debug|Any CPU
		{F996BC1B-6011-4B32-9921-314EE5E3F448}.Debug|Any CPU.Build.0 = Debug|Any CPU
		{F996BC1B-6011-4B32-9921-314EE5E3F448}.Release|Any CPU.ActiveCfg = Release|Any CPU
		{F996BC1B-6011-4B32-9921-314EE5E3F448}.Release|Any CPU.Build.0 = Release|Any CPU
	EndGlobalSection
	GlobalSection(SolutionProperties) = preSolution
		HideSolutionNode = FALSE
	EndGlobalSection
	GlobalSection(ExtensibilityGlobals) = postSolution
		SolutionGuid = {BDD7E251-9AEB-4973-99DC-3115E4C55BF8}
	EndGlobalSection
EndGlobal
