
Microsoft Visual Studio Solution File, Format Version 12.00
# Visual Studio Version 17
VisualStudioVersion = 17.5.002.0
MinimumVisualStudioVersion = 10.0.40219.1
Project("{9A19103F-16F7-4668-BE54-9A1E7A4F7556}") = "groomserver", "groomserver.csproj", "{CA00E886-3B4B-44C2-BDCA-63F4BD558F0E}"
EndProject
Project("{FAE04EC0-301F-11D3-BF4B-00C04F79EFBC}") = "groomServerService", "..\groomServerService\groomServerService.csproj", "{72BC6948-72C5-421A-BA39-44FFC310CF53}"
EndProject
Global
	GlobalSection(SolutionConfigurationPlatforms) = preSolution
		Debug|Any CPU = Debug|Any CPU
		Release|Any CPU = Release|Any CPU
	EndGlobalSection
	GlobalSection(ProjectConfigurationPlatforms) = postSolution
		{CA00E886-3B4B-44C2-BDCA-63F4BD558F0E}.Debug|Any CPU.ActiveCfg = Debug|Any CPU
		{CA00E886-3B4B-44C2-BDCA-63F4BD558F0E}.Debug|Any CPU.Build.0 = Debug|Any CPU
		{CA00E886-3B4B-44C2-BDCA-63F4BD558F0E}.Release|Any CPU.ActiveCfg = Release|Any CPU
		{CA00E886-3B4B-44C2-BDCA-63F4BD558F0E}.Release|Any CPU.Build.0 = Release|Any CPU
		{72BC6948-72C5-421A-BA39-44FFC310CF53}.Debug|Any CPU.ActiveCfg = Debug|Any CPU
		{72BC6948-72C5-421A-BA39-44FFC310CF53}.Debug|Any CPU.Build.0 = Debug|Any CPU
		{72BC6948-72C5-421A-BA39-44FFC310CF53}.Release|Any CPU.ActiveCfg = Release|Any CPU
		{72BC6948-72C5-421A-BA39-44FFC310CF53}.Release|Any CPU.Build.0 = Release|Any CPU
	EndGlobalSection
	GlobalSection(SolutionProperties) = preSolution
		HideSolutionNode = FALSE
	EndGlobalSection
	GlobalSection(ExtensibilityGlobals) = postSolution
		SolutionGuid = {9B603CA6-C1E4-459F-BD60-4DBF454F290B}
	EndGlobalSection
EndGlobal
